// !$*UTF8*$!
{
	archiveVersion = 1;
	classes = {
	};
	objectVersion = 46;
	objects = {

/* Begin PBXBuildFile section */
		BB1E981B1B0F4AE900AEE5FE /* AppDelegate.swift in Sources */ = {isa = PBXBuildFile; fileRef = BB1E981A1B0F4AE900AEE5FE /* AppDelegate.swift */; };
		BB1E981D1B0F4AE900AEE5FE /* ViewController.swift in Sources */ = {isa = PBXBuildFile; fileRef = BB1E981C1B0F4AE900AEE5FE /* ViewController.swift */; };
		BB1E98201B0F4AE900AEE5FE /* Main.storyboard in Resources */ = {isa = PBXBuildFile; fileRef = BB1E981E1B0F4AE900AEE5FE /* Main.storyboard */; };
		BB1E98221B0F4AE900AEE5FE /* Images.xcassets in Resources */ = {isa = PBXBuildFile; fileRef = BB1E98211B0F4AE900AEE5FE /* Images.xcassets */; };
		BB1E98251B0F4AE900AEE5FE /* LaunchScreen.xib in Resources */ = {isa = PBXBuildFile; fileRef = BB1E98231B0F4AE900AEE5FE /* LaunchScreen.xib */; };
		BB1E98311B0F4AE900AEE5FE /* Memorable_PlacesTests.swift in Sources */ = {isa = PBXBuildFile; fileRef = BB1E98301B0F4AE900AEE5FE /* Memorable_PlacesTests.swift */; };
		BB1E983B1B0F5CA200AEE5FE /* CoreLocation.framework in Frameworks */ = {isa = PBXBuildFile; fileRef = BB1E983A1B0F5CA200AEE5FE /* CoreLocation.framework */; };
		BB1E983D1B0F5CD800AEE5FE /* TableViewController.swift in Sources */ = {isa = PBXBuildFile; fileRef = BB1E983C1B0F5CD800AEE5FE /* TableViewController.swift */; };
/* End PBXBuildFile section */

/* Begin PBXContainerItemProxy section */
		BB1E982B1B0F4AE900AEE5FE /* PBXContainerItemProxy */ = {
			isa = PBXContainerItemProxy;
			containerPortal = BB1E980D1B0F4AE900AEE5FE /* Project object */;
			proxyType = 1;
			remoteGlobalIDString = BB1E98141B0F4AE900AEE5FE;
			remoteInfo = "Memorable-Places";
		};
/* End PBXContainerItemProxy section */

/* Begin PBXFileReference section */
		BB1E98151B0F4AE900AEE5FE /* Memorable-Places.app */ = {isa = PBXFileReference; explicitFileType = wrapper.application; includeInIndex = 0; path = "Memorable-Places.app"; sourceTree = BUILT_PRODUCTS_DIR; };
		BB1E98191B0F4AE900AEE5FE /* Info.plist */ = {isa = PBXFileReference; lastKnownFileType = text.plist.xml; path = Info.plist; sourceTree = "<group>"; };
		BB1E981A1B0F4AE900AEE5FE /* AppDelegate.swift */ = {isa = PBXFileReference; lastKnownFileType = sourcecode.swift; path = AppDelegate.swift; sourceTree = "<group>"; };
		BB1E981C1B0F4AE900AEE5FE /* ViewController.swift */ = {isa = PBXFileReference; lastKnownFileType = sourcecode.swift; path = ViewController.swift; sourceTree = "<group>"; };
		BB1E981F1B0F4AE900AEE5FE /* Base */ = {isa = PBXFileReference; lastKnownFileType = file.storyboard; name = Base; path = Base.lproj/Main.storyboard; sourceTree = "<group>"; };
		BB1E98211B0F4AE900AEE5FE /* Images.xcassets */ = {isa = PBXFileReference; lastKnownFileType = folder.assetcatalog; path = Images.xcassets; sourceTree = "<group>"; };
		BB1E98241B0F4AE900AEE5FE /* Base */ = {isa = PBXFileReference; lastKnownFileType = file.xib; name = Base; path = Base.lproj/LaunchScreen.xib; sourceTree = "<group>"; };
		BB1E982A1B0F4AE900AEE5FE /* Memorable-PlacesTests.xctest */ = {isa = PBXFileReference; explicitFileType = wrapper.cfbundle; includeInIndex = 0; path = "Memorable-PlacesTests.xctest"; sourceTree = BUILT_PRODUCTS_DIR; };
		BB1E982F1B0F4AE900AEE5FE /* Info.plist */ = {isa = PBXFileReference; lastKnownFileType = text.plist.xml; path = Info.plist; sourceTree = "<group>"; };
		BB1E98301B0F4AE900AEE5FE /* Memorable_PlacesTests.swift */ = {isa = PBXFileReference; lastKnownFileType = sourcecode.swift; path = Memorable_PlacesTests.swift; sourceTree = "<group>"; };
		BB1E983A1B0F5CA200AEE5FE /* CoreLocation.framework */ = {isa = PBXFileReference; lastKnownFileType = wrapper.framework; name = CoreLocation.framework; path = System/Library/Frameworks/CoreLocation.framework; sourceTree = SDKROOT; };
		BB1E983C1B0F5CD800AEE5FE /* TableViewController.swift */ = {isa = PBXFileReference; fileEncoding = 4; lastKnownFileType = sourcecode.swift; name = TableViewController.swift; path = ../TableViewController.swift; sourceTree = "<group>"; };
/* End PBXFileReference section */

/* Begin PBXFrameworksBuildPhase section */
		BB1E98121B0F4AE900AEE5FE /* Frameworks */ = {
			isa = PBXFrameworksBuildPhase;
			buildActionMask = 2147483647;
			files = (
				BB1E983B1B0F5CA200AEE5FE /* CoreLocation.framework in Frameworks */,
			);
			runOnlyForDeploymentPostprocessing = 0;
		};
		BB1E98271B0F4AE900AEE5FE /* Frameworks */ = {
			isa = PBXFrameworksBuildPhase;
			buildActionMask = 2147483647;
			files = (
			);
			runOnlyForDeploymentPostprocessing = 0;
		};
/* End PBXFrameworksBuildPhase section */

/* Begin PBXGroup section */
		BB1E980C1B0F4AE900AEE5FE = {
			isa = PBXGroup;
			children = (
				BB1E983A1B0F5CA200AEE5FE /* CoreLocation.framework */,
				BB1E98171B0F4AE900AEE5FE /* Memorable-Places */,
				BB1E982D1B0F4AE900AEE5FE /* Memorable-PlacesTests */,
				BB1E98161B0F4AE900AEE5FE /* Products */,
			);
			sourceTree = "<group>";
		};
		BB1E98161B0F4AE900AEE5FE /* Products */ = {
			isa = PBXGroup;
			children = (
				BB1E98151B0F4AE900AEE5FE /* Memorable-Places.app */,
				BB1E982A1B0F4AE900AEE5FE /* Memorable-PlacesTests.xctest */,
			);
			name = Products;
			sourceTree = "<group>";
		};
		BB1E98171B0F4AE900AEE5FE /* Memorable-Places */ = {
			isa = PBXGroup;
			children = (
				BB1E981A1B0F4AE900AEE5FE /* AppDelegate.swift */,
				BB1E981C1B0F4AE900AEE5FE /* ViewController.swift */,
				BB1E981E1B0F4AE900AEE5FE /* Main.storyboard */,
				BB1E983C1B0F5CD800AEE5FE /* TableViewController.swift */,
				BB1E98211B0F4AE900AEE5FE /* Images.xcassets */,
				BB1E98231B0F4AE900AEE5FE /* LaunchScreen.xib */,
				BB1E98181B0F4AE900AEE5FE /* Supporting Files */,
			);
			path = "Memorable-Places";
			sourceTree = "<group>";
		};
		BB1E98181B0F4AE900AEE5FE /* Supporting Files */ = {
			isa = PBXGroup;
			children = (
				BB1E98191B0F4AE900AEE5FE /* Info.plist */,
			);
			name = "Supporting Files";
			sourceTree = "<group>";
		};
		BB1E982D1B0F4AE900AEE5FE /* Memorable-PlacesTests */ = {
			isa = PBXGroup;
			children = (
				BB1E98301B0F4AE900AEE5FE /* Memorable_PlacesTests.swift */,
				BB1E982E1B0F4AE900AEE5FE /* Supporting Files */,
			);
			path = "Memorable-PlacesTests";
			sourceTree = "<group>";
		};
		BB1E982E1B0F4AE900AEE5FE /* Supporting Files */ = {
			isa = PBXGroup;
			children = (
				BB1E982F1B0F4AE900AEE5FE /* Info.plist */,
			);
			name = "Supporting Files";
			sourceTree = "<group>";
		};
/* End PBXGroup section */

/* Begin PBXNativeTarget section */
		BB1E98141B0F4AE900AEE5FE /* Memorable-Places */ = {
			isa = PBXNativeTarget;
			buildConfigurationList = BB1E98341B0F4AE900AEE5FE /* Build configuration list for PBXNativeTarget "Memorable-Places" */;
			buildPhases = (
				BB1E98111B0F4AE900AEE5FE /* Sources */,
				BB1E98121B0F4AE900AEE5FE /* Frameworks */,
				BB1E98131B0F4AE900AEE5FE /* Resources */,
			);
			buildRules = (
			);
			dependencies = (
			);
			name = "Memorable-Places";
			productName = "Memorable-Places";
			productReference = BB1E98151B0F4AE900AEE5FE /* Memorable-Places.app */;
			productType = "com.apple.product-type.application";
		};
		BB1E98291B0F4AE900AEE5FE /* Memorable-PlacesTests */ = {
			isa = PBXNativeTarget;
			buildConfigurationList = BB1E98371B0F4AE900AEE5FE /* Build configuration list for PBXNativeTarget "Memorable-PlacesTests" */;
			buildPhases = (
				BB1E98261B0F4AE900AEE5FE /* Sources */,
				BB1E98271B0F4AE900AEE5FE /* Frameworks */,
				BB1E98281B0F4AE900AEE5FE /* Resources */,
			);
			buildRules = (
			);
			dependencies = (
				BB1E982C1B0F4AE900AEE5FE /* PBXTargetDependency */,
			);
			name = "Memorable-PlacesTests";
			productName = "Memorable-PlacesTests";
			productReference = BB1E982A1B0F4AE900AEE5FE /* Memorable-PlacesTests.xctest */;
			productType = "com.apple.product-type.bundle.unit-test";
		};
/* End PBXNativeTarget section */

/* Begin PBXProject section */
		BB1E980D1B0F4AE900AEE5FE /* Project object */ = {
			isa = PBXProject;
			attributes = {
				LastUpgradeCheck = 0620;
				ORGANIZATIONNAME = "Lala Vaishno De";
				TargetAttributes = {
					BB1E98141B0F4AE900AEE5FE = {
						CreatedOnToolsVersion = 6.2;
					};
					BB1E98291B0F4AE900AEE5FE = {
						CreatedOnToolsVersion = 6.2;
						TestTargetID = BB1E98141B0F4AE900AEE5FE;
					};
				};
			};
			buildConfigurationList = BB1E98101B0F4AE900AEE5FE /* Build configuration list for PBXProject "Memorable-Places" */;
			compatibilityVersion = "Xcode 3.2";
			developmentRegion = English;
			hasScannedForEncodings = 0;
			knownRegions = (
				en,
				Base,
			);
			mainGroup = BB1E980C1B0F4AE900AEE5FE;
			productRefGroup = BB1E98161B0F4AE900AEE5FE /* Products */;
			projectDirPath = "";
			projectRoot = "";
			targets = (
				BB1E98141B0F4AE900AEE5FE /* Memorable-Places */,
				BB1E98291B0F4AE900AEE5FE /* Memorable-PlacesTests */,
			);
		};
/* End PBXProject section */

/* Begin PBXResourcesBuildPhase section */
		BB1E98131B0F4AE900AEE5FE /* Resources */ = {
			isa = PBXResourcesBuildPhase;
			buildActionMask = 2147483647;
			files = (
				BB1E98201B0F4AE900AEE5FE /* Main.storyboard in Resources */,
				BB1E98251B0F4AE900AEE5FE /* LaunchScreen.xib in Resources */,
				BB1E98221B0F4AE900AEE5FE /* Images.xcassets in Resources */,
			);
			runOnlyForDeploymentPostprocessing = 0;
		};
		BB1E98281B0F4AE900AEE5FE /* Resources */ = {
			isa = PBXResourcesBuildPhase;
			buildActionMask = 2147483647;
			files = (
			);
			runOnlyForDeploymentPostprocessing = 0;
		};
/* End PBXResourcesBuildPhase section */

/* Begin PBXSourcesBuildPhase section */
		BB1E98111B0F4AE900AEE5FE /* Sources */ = {
			isa = PBXSourcesBuildPhase;
			buildActionMask = 2147483647;
			files = (
				BB1E981D1B0F4AE900AEE5FE /* ViewController.swift in Sources */,
				BB1E983D1B0F5CD800AEE5FE /* TableViewController.swift in Sources */,
				BB1E981B1B0F4AE900AEE5FE /* AppDelegate.swift in Sources */,
			);
			runOnlyForDeploymentPostprocessing = 0;
		};
		BB1E98261B0F4AE900AEE5FE /* Sources */ = {
			isa = PBXSourcesBuildPhase;
			buildActionMask = 2147483647;
			files = (
				BB1E98311B0F4AE900AEE5FE /* Memorable_PlacesTests.swift in Sources */,
			);
			runOnlyForDeploymentPostprocessing = 0;
		};
/* End PBXSourcesBuildPhase section */

/* Begin PBXTargetDependency section */
		BB1E982C1B0F4AE900AEE5FE /* PBXTargetDependency */ = {
			isa = PBXTargetDependency;
			target = BB1E98141B0F4AE900AEE5FE /* Memorable-Places */;
			targetProxy = BB1E982B1B0F4AE900AEE5FE /* PBXContainerItemProxy */;
		};
/* End PBXTargetDependency section */

/* Begin PBXVariantGroup section */
		BB1E981E1B0F4AE900AEE5FE /* Main.storyboard */ = {
			isa = PBXVariantGroup;
			children = (
				BB1E981F1B0F4AE900AEE5FE /* Base */,
			);
			name = Main.storyboard;
			sourceTree = "<group>";
		};
		BB1E98231B0F4AE900AEE5FE /* LaunchScreen.xib */ = {
			isa = PBXVariantGroup;
			children = (
				BB1E98241B0F4AE900AEE5FE /* Base */,
			);
			name = LaunchScreen.xib;
			sourceTree = "<group>";
		};
/* End PBXVariantGroup section */

/* Begin XCBuildConfiguration section */
		BB1E98321B0F4AE900AEE5FE /* Debug */ = {
			isa = XCBuildConfiguration;
			buildSettings = {
				ALWAYS_SEARCH_USER_PATHS = NO;
				CLANG_CXX_LANGUAGE_STANDARD = "gnu++0x";
				CLANG_CXX_LIBRARY = "libc++";
				CLANG_ENABLE_MODULES = YES;
				CLANG_ENABLE_OBJC_ARC = YES;
				CLANG_WARN_BOOL_CONVERSION = YES;
				CLANG_WARN_CONSTANT_CONVERSION = YES;
				CLANG_WARN_DIRECT_OBJC_ISA_USAGE = YES_ERROR;
				CLANG_WARN_EMPTY_BODY = YES;
				CLANG_WARN_ENUM_CONVERSION = YES;
				CLANG_WARN_INT_CONVERSION = YES;
				CLANG_WARN_OBJC_ROOT_CLASS = YES_ERROR;
				CLANG_WARN_UNREACHABLE_CODE = YES;
				CLANG_WARN__DUPLICATE_METHOD_MATCH = YES;
				"CODE_SIGN_IDENTITY[sdk=iphoneos*]" = "iPhone Developer";
				COPY_PHASE_STRIP = NO;
				ENABLE_STRICT_OBJC_MSGSEND = YES;
				GCC_C_LANGUAGE_STANDARD = gnu99;
				GCC_DYNAMIC_NO_PIC = NO;
				GCC_OPTIMIZATION_LEVEL = 0;
				GCC_PREPROCESSOR_DEFINITIONS = (
					"DEBUG=1",
					"$(inherited)",
				);
				GCC_SYMBOLS_PRIVATE_EXTERN = NO;
				GCC_WARN_64_TO_32_BIT_CONVERSION = YES;
				GCC_WARN_ABOUT_RETURN_TYPE = YES_ERROR;
				GCC_WARN_UNDECLARED_SELECTOR = YES;
				GCC_WARN_UNINITIALIZED_AUTOS = YES_AGGRESSIVE;
				GCC_WARN_UNUSED_FUNCTION = YES;
				GCC_WARN_UNUSED_VARIABLE = YES;
				IPHONEOS_DEPLOYMENT_TARGET = 8.2;
				MTL_ENABLE_DEBUG_INFO = YES;
				ONLY_ACTIVE_ARCH = YES;
				SDKROOT = iphoneos;
				SWIFT_OPTIMIZATION_LEVEL = "-Onone";
			};
			name = Debug;
		};
		BB1E98331B0F4AE900AEE5FE /* Release */ = {
			isa = XCBuildConfiguration;
			buildSettings = {
				ALWAYS_SEARCH_USER_PATHS = NO;
				CLANG_CXX_LANGUAGE_STANDARD = "gnu++0x";
				CLANG_CXX_LIBRARY = "libc++";
				CLANG_ENABLE_MODULES = YES;
				CLANG_ENABLE_OBJC_ARC = YES;
				CLANG_WARN_BOOL_CONVERSION = YES;
				CLANG_WARN_CONSTANT_CONVERSION = YES;
				CLANG_WARN_DIRECT_OBJC_ISA_USAGE = YES_ERROR;
				CLANG_WARN_EMPTY_BODY = YES;
				CLANG_WARN_ENUM_CONVERSION = YES;
				CLANG_WARN_INT_CONVERSION = YES;
				CLANG_WARN_OBJC_ROOT_CLASS = YES_ERROR;
				CLANG_WARN_UNREACHABLE_CODE = YES;
				CLANG_WARN__DUPLICATE_METHOD_MATCH = YES;
				"CODE_SIGN_IDENTITY[sdk=iphoneos*]" = "iPhone Developer";
				COPY_PHASE_STRIP = NO;
				ENABLE_NS_ASSERTIONS = NO;
				ENABLE_STRICT_OBJC_MSGSEND = YES;
				GCC_C_LANGUAGE_STANDARD = gnu99;
				GCC_WARN_64_TO_32_BIT_CONVERSION = YES;
				GCC_WARN_ABOUT_RETURN_TYPE = YES_ERROR;
				GCC_WARN_UNDECLARED_SELECTOR = YES;
				GCC_WARN_UNINITIALIZED_AUTOS = YES_AGGRESSIVE;
				GCC_WARN_UNUSED_FUNCTION = YES;
				GCC_WARN_UNUSED_VARIABLE = YES;
				IPHONEOS_DEPLOYMENT_TARGET = 8.2;
				MTL_ENABLE_DEBUG_INFO = NO;
				SDKROOT = iphoneos;
				VALIDATE_PRODUCT = YES;
			};
			name = Release;
		};
		BB1E98351B0F4AE900AEE5FE /* Debug */ = {
			isa = XCBuildConfiguration;
			buildSettings = {
				ASSETCATALOG_COMPILER_APPICON_NAME = AppIcon;
				INFOPLIST_FILE = "Memorable-Places/Info.plist";
				LD_RUNPATH_SEARCH_PATHS = "$(inherited) @executable_path/Frameworks";
				PRODUCT_NAME = "$(TARGET_NAME)";
			};
			name = Debug;
		};
		BB1E98361B0F4AE900AEE5FE /* Release */ = {
			isa = XCBuildConfiguration;
			buildSettings = {
				ASSETCATALOG_COMPILER_APPICON_NAME = AppIcon;
				INFOPLIST_FILE = "Memorable-Places/Info.plist";
				LD_RUNPATH_SEARCH_PATHS = "$(inherited) @executable_path/Frameworks";
				PRODUCT_NAME = "$(TARGET_NAME)";
			};
			name = Release;
		};
		BB1E98381B0F4AE900AEE5FE /* Debug */ = {
			isa = XCBuildConfiguration;
			buildSettings = {
				BUNDLE_LOADER = "$(TEST_HOST)";
				FRAMEWORK_SEARCH_PATHS = (
					"$(SDKROOT)/Developer/Library/Frameworks",
					"$(inherited)",
				);
				GCC_PREPROCESSOR_DEFINITIONS = (
					"DEBUG=1",
					"$(inherited)",
				);
				INFOPLIST_FILE = "Memorable-PlacesTests/Info.plist";
				LD_RUNPATH_SEARCH_PATHS = "$(inherited) @executable_path/Frameworks @loader_path/Frameworks";
				PRODUCT_NAME = "$(TARGET_NAME)";
				TEST_HOST = "$(BUILT_PRODUCTS_DIR)/Memorable-Places.app/Memorable-Places";
			};
			name = Debug;
		};
		BB1E98391B0F4AE900AEE5FE /* Release */ = {
			isa = XCBuildConfiguration;
			buildSettings = {
				BUNDLE_LOADER = "$(TEST_HOST)";
				FRAMEWORK_SEARCH_PATHS = (
					"$(SDKROOT)/Developer/Library/Frameworks",
					"$(inherited)",
				);
				INFOPLIST_FILE = "Memorable-PlacesTests/Info.plist";
				LD_RUNPATH_SEARCH_PATHS = "$(inherited) @executable_path/Frameworks @loader_path/Frameworks";
				PRODUCT_NAME = "$(TARGET_NAME)";
				TEST_HOST = "$(BUILT_PRODUCTS_DIR)/Memorable-Places.app/Memorable-Places";
			};
			name = Release;
		};
/* End XCBuildConfiguration section */

/* Begin XCConfigurationList section */
		BB1E98101B0F4AE900AEE5FE /* Build configuration list for PBXProject "Memorable-Places" */ = {
			isa = XCConfigurationList;
			buildConfigurations = (
				BB1E98321B0F4AE900AEE5FE /* Debug */,
				BB1E98331B0F4AE900AEE5FE /* Release */,
			);
			defaultConfigurationIsVisible = 0;
			defaultConfigurationName = Release;
		};
		BB1E98341B0F4AE900AEE5FE /* Build configuration list for PBXNativeTarget "Memorable-Places" */ = {
			isa = XCConfigurationList;
			buildConfigurations = (
				BB1E98351B0F4AE900AEE5FE /* Debug */,
				BB1E98361B0F4AE900AEE5FE /* Release */,
			);
			defaultConfigurationIsVisible = 0;
		};
		BB1E98371B0F4AE900AEE5FE /* Build configuration list for PBXNativeTarget "Memorable-PlacesTests" */ = {
			isa = XCConfigurationList;
			buildConfigurations = (
				BB1E98381B0F4AE900AEE5FE /* Debug */,
				BB1E98391B0F4AE900AEE5FE /* Release */,
			);
			defaultConfigurationIsVisible = 0;
		};
/* End XCConfigurationList section */
	};
	rootObject = BB1E980D1B0F4AE900AEE5FE /* Project object */;
}
